
Microsoft Visual Studio Solution File, Format Version 12.00
# Visual Studio Version 17
VisualStudioVersion = 17.14.37012.4 d17.14
MinimumVisualStudioVersion = 10.0.40219.1
Project("{FAE04EC0-301F-11D3-BF4B-00C04F79EFBC}") = "CarRentals_MVVM", "CarRentals_MVVM\CarRentals_MVVM.csproj", "{0F1091EE-E108-4BE3-9598-8007FB75C70A}"
EndProject
Global
	GlobalSection(SolutionConfigurationPlatforms) = preSolution
		Debug|Any CPU = Debug|Any CPU
		Release|Any CPU = Release|Any CPU
	EndGlobalSection
	GlobalSection(ProjectConfigurationPlatforms) = postSolution
		{0F1091EE-E108-4BE3-9598-8007FB75C70A}.Debug|Any CPU.ActiveCfg = Debug|Any CPU
		{0F1091EE-E108-4BE3-9598-8007FB75C70A}.Debug|Any CPU.Build.0 = Debug|Any CPU
		{0F1091EE-E108-4BE3-9598-8007FB75C70A}.Release|Any CPU.ActiveCfg = Release|Any CPU
		{0F1091EE-E108-4BE3-9598-8007FB75C70A}.Release|Any CPU.Build.0 = Release|Any CPU
	EndGlobalSection
	GlobalSection(SolutionProperties) = preSolution
		HideSolutionNode = FALSE
	EndGlobalSection
	GlobalSection(ExtensibilityGlobals) = postSolution
		SolutionGuid = {892A9B53-3F93-406B-99E1-A2B693146CC4}
	EndGlobalSection
EndGlobal
